
Microsoft Visual Studio Solution File, Format Version 12.00
# Visual Studio Version 17
Project("{FAE04EC0-301F-11D3-BF4B-00C04F79EFBC}") = "FieldTaskManager.Domain", "src\FieldTaskManager.Domain\FieldTaskManager.Domain.csproj", "{1A111111-1111-1111-1111-111111111111}"
EndProject
Project("{FAE04EC0-301F-11D3-BF4B-00C04F79EFBC}") = "FieldTaskManager.Application", "src\FieldTaskManager.Application\FieldTaskManager.Application.csproj", "{2A222222-2222-2222-2222-222222222222}"
EndProject
Project("{FAE04EC0-301F-11D3-BF4B-00C04F79EFBC}") = "FieldTaskManager.Infrastructure", "src\FieldTaskManager.Infrastructure\FieldTaskManager.Infrastructure.csproj", "{3A333333-3333-3333-3333-333333333333}"
EndProject
Project("{FAE04EC0-301F-11D3-BF4B-00C04F79EFBC}") = "FieldTaskManager.Api", "src\FieldTaskManager.Api\FieldTaskManager.Api.csproj", "{4A444444-4444-4444-4444-444444444444}"
EndProject
Project("{2150E333-8FDC-42A3-9474-1A3956D46DE8}") = "src", "src", "{827E0CD3-B72D-47B6-A68D-7590B98EB39B}"
EndProject
Project("{FAE04EC0-301F-11D3-BF4B-00C04F79EFBC}") = "FieldTaskManager.NotificationService", "src\FieldTaskManager.NotificationService\FieldTaskManager.NotificationService.csproj", "{DBDAD916-0EC5-4CC6-BEA8-B8571F3B5B4B}"
EndProject
Project("{FAE04EC0-301F-11D3-BF4B-00C04F79EFBC}") = "FieldTaskManager.Gateway", "src\FieldTaskManager.Gateway\FieldTaskManager.Gateway.csproj", "{3AB2D385-E17A-4967-B937-8CBA4941A857}"
EndProject
Project("{FAE04EC0-301F-11D3-BF4B-00C04F79EFBC}") = "FieldTaskManager.SchedulerService", "src\FieldTaskManager.SchedulerService\FieldTaskManager.SchedulerService.csproj", "{A3894B12-785E-4E6D-93E8-9E06A768BB67}"
EndProject
Project("{FAE04EC0-301F-11D3-BF4B-00C04F79EFBC}") = "FieldTaskManager.EarningsService", "src\FieldTaskManager.EarningsService\FieldTaskManager.EarningsService.csproj", "{2B2D6A01-6F0B-4040-9788-27D0B0A298A3}"
EndProject
Project("{FAE04EC0-301F-11D3-BF4B-00C04F79EFBC}") = "FieldTaskManager.PayoutService", "src\FieldTaskManager.PayoutService\FieldTaskManager.PayoutService.csproj", "{5DC0944C-7510-4ABC-8476-7680D7757D99}"
EndProject
Global
	GlobalSection(SolutionConfigurationPlatforms) = preSolution
		Debug|Any CPU = Debug|Any CPU
		Debug|x64 = Debug|x64
		Debug|x86 = Debug|x86
		Release|Any CPU = Release|Any CPU
		Release|x64 = Release|x64
		Release|x86 = Release|x86
	EndGlobalSection
	GlobalSection(ProjectConfigurationPlatforms) = postSolution
		{1A111111-1111-1111-1111-111111111111}.Debug|Any CPU.ActiveCfg = Debug|Any CPU
		{1A111111-1111-1111-1111-111111111111}.Debug|Any CPU.Build.0 = Debug|Any CPU
		{1A111111-1111-1111-1111-111111111111}.Debug|x64.ActiveCfg = Debug|Any CPU
		{1A111111-1111-1111-1111-111111111111}.Debug|x64.Build.0 = Debug|Any CPU
		{1A111111-1111-1111-1111-111111111111}.Debug|x86.ActiveCfg = Debug|Any CPU
		{1A111111-1111-1111-1111-111111111111}.Debug|x86.Build.0 = Debug|Any CPU
		{1A111111-1111-1111-1111-111111111111}.Release|Any CPU.ActiveCfg = Release|Any CPU
		{1A111111-1111-1111-1111-111111111111}.Release|Any CPU.Build.0 = Release|Any CPU
		{1A111111-1111-1111-1111-111111111111}.Release|x64.ActiveCfg = Release|Any CPU
		{1A111111-1111-1111-1111-111111111111}.Release|x64.Build.0 = Release|Any CPU
		{1A111111-1111-1111-1111-111111111111}.Release|x86.ActiveCfg = Release|Any CPU
		{1A111111-1111-1111-1111-111111111111}.Release|x86.Build.0 = Release|Any CPU
		{2A222222-2222-2222-2222-222222222222}.Debug|Any CPU.ActiveCfg = Debug|Any CPU
		{2A222222-2222-2222-2222-222222222222}.Debug|Any CPU.Build.0 = Debug|Any CPU
		{2A222222-2222-2222-2222-222222222222}.Debug|x64.ActiveCfg = Debug|Any CPU
		{2A222222-2222-2222-2222-222222222222}.Debug|x64.Build.0 = Debug|Any CPU
		{2A222222-2222-2222-2222-222222222222}.Debug|x86.ActiveCfg = Debug|Any CPU
		{2A222222-2222-2222-2222-222222222222}.Debug|x86.Build.0 = Debug|Any CPU
		{2A222222-2222-2222-2222-222222222222}.Release|Any CPU.ActiveCfg = Release|Any CPU
		{2A222222-2222-2222-2222-222222222222}.Release|Any CPU.Build.0 = Release|Any CPU
		{2A222222-2222-2222-2222-222222222222}.Release|x64.ActiveCfg = Release|Any CPU
		{2A222222-2222-2222-2222-222222222222}.Release|x64.Build.0 = Release|Any CPU
		{2A222222-2222-2222-2222-222222222222}.Release|x86.ActiveCfg = Release|Any CPU
		{2A222222-2222-2222-2222-222222222222}.Release|x86.Build.0 = Release|Any CPU
		{3A333333-3333-3333-3333-333333333333}.Debug|Any CPU.ActiveCfg = Debug|Any CPU
		{3A333333-3333-3333-3333-333333333333}.Debug|Any CPU.Build.0 = Debug|Any CPU
		{3A333333-3333-3333-3333-333333333333}.Debug|x64.ActiveCfg = Debug|Any CPU
		{3A333333-3333-3333-3333-333333333333}.Debug|x64.Build.0 = Debug|Any CPU
		{3A333333-3333-3333-3333-333333333333}.Debug|x86.ActiveCfg = Debug|Any CPU
		{3A333333-3333-3333-3333-333333333333}.Debug|x86.Build.0 = Debug|Any CPU
		{3A333333-3333-3333-3333-333333333333}.Release|Any CPU.ActiveCfg = Release|Any CPU
		{3A333333-3333-3333-3333-333333333333}.Release|Any CPU.Build.0 = Release|Any CPU
		{3A333333-3333-3333-3333-333333333333}.Release|x64.ActiveCfg = Release|Any CPU
		{3A333333-3333-3333-3333-333333333333}.Release|x64.Build.0 = Release|Any CPU
		{3A333333-3333-3333-3333-333333333333}.Release|x86.ActiveCfg = Release|Any CPU
		{3A333333-3333-3333-3333-333333333333}.Release|x86.Build.0 = Release|Any CPU
		{4A444444-4444-4444-4444-444444444444}.Debug|Any CPU.ActiveCfg = Debug|Any CPU
		{4A444444-4444-4444-4444-444444444444}.Debug|Any CPU.Build.0 = Debug|Any CPU
		{4A444444-4444-4444-4444-444444444444}.Debug|x64.ActiveCfg = Debug|Any CPU
		{4A444444-4444-4444-4444-444444444444}.Debug|x64.Build.0 = Debug|Any CPU
		{4A444444-4444-4444-4444-444444444444}.Debug|x86.ActiveCfg = Debug|Any CPU
		{4A444444-4444-4444-4444-444444444444}.Debug|x86.Build.0 = Debug|Any CPU
		{4A444444-4444-4444-4444-444444444444}.Release|Any CPU.ActiveCfg = Release|Any CPU
		{4A444444-4444-4444-4444-444444444444}.Release|Any CPU.Build.0 = Release|Any CPU
		{4A444444-4444-4444-4444-444444444444}.Release|x64.ActiveCfg = Release|Any CPU
		{4A444444-4444-4444-4444-444444444444}.Release|x64.Build.0 = Release|Any CPU
		{4A444444-4444-4444-4444-444444444444}.Release|x86.ActiveCfg = Release|Any CPU
		{4A444444-4444-4444-4444-444444444444}.Release|x86.Build.0 = Release|Any CPU
		{DBDAD916-0EC5-4CC6-BEA8-B8571F3B5B4B}.Debug|Any CPU.ActiveCfg = Debug|Any CPU
		{DBDAD916-0EC5-4CC6-BEA8-B8571F3B5B4B}.Debug|Any CPU.Build.0 = Debug|Any CPU
		{DBDAD916-0EC5-4CC6-BEA8-B8571F3B5B4B}.Debug|x64.ActiveCfg = Debug|Any CPU
		{DBDAD916-0EC5-4CC6-BEA8-B8571F3B5B4B}.Debug|x64.Build.0 = Debug|Any CPU
		{DBDAD916-0EC5-4CC6-BEA8-B8571F3B5B4B}.Debug|x86.ActiveCfg = Debug|Any CPU
		{DBDAD916-0EC5-4CC6-BEA8-B8571F3B5B4B}.Debug|x86.Build.0 = Debug|Any CPU
		{DBDAD916-0EC5-4CC6-BEA8-B8571F3B5B4B}.Release|Any CPU.ActiveCfg = Release|Any CPU
		{DBDAD916-0EC5-4CC6-BEA8-B8571F3B5B4B}.Release|Any CPU.Build.0 = Release|Any CPU
		{DBDAD916-0EC5-4CC6-BEA8-B8571F3B5B4B}.Release|x64.ActiveCfg = Release|Any CPU
		{DBDAD916-0EC5-4CC6-BEA8-B8571F3B5B4B}.Release|x64.Build.0 = Release|Any CPU
		{DBDAD916-0EC5-4CC6-BEA8-B8571F3B5B4B}.Release|x86.ActiveCfg = Release|Any CPU
		{DBDAD916-0EC5-4CC6-BEA8-B8571F3B5B4B}.Release|x86.Build.0 = Release|Any CPU
		{3AB2D385-E17A-4967-B937-8CBA4941A857}.Debug|Any CPU.ActiveCfg = Debug|Any CPU
		{3AB2D385-E17A-4967-B937-8CBA4941A857}.Debug|Any CPU.Build.0 = Debug|Any CPU
		{3AB2D385-E17A-4967-B937-8CBA4941A857}.Debug|x64.ActiveCfg = Debug|Any CPU
		{3AB2D385-E17A-4967-B937-8CBA4941A857}.Debug|x64.Build.0 = Debug|Any CPU
		{3AB2D385-E17A-4967-B937-8CBA4941A857}.Debug|x86.ActiveCfg = Debug|Any CPU
		{3AB2D385-E17A-4967-B937-8CBA4941A857}.Debug|x86.Build.0 = Debug|Any CPU
		{3AB2D385-E17A-4967-B937-8CBA4941A857}.Release|Any CPU.ActiveCfg = Release|Any CPU
		{3AB2D385-E17A-4967-B937-8CBA4941A857}.Release|Any CPU.Build.0 = Release|Any CPU
		{3AB2D385-E17A-4967-B937-8CBA4941A857}.Release|x64.ActiveCfg = Release|Any CPU
		{3AB2D385-E17A-4967-B937-8CBA4941A857}.Release|x64.Build.0 = Release|Any CPU
		{3AB2D385-E17A-4967-B937-8CBA4941A857}.Release|x86.ActiveCfg = Release|Any CPU
		{3AB2D385-E17A-4967-B937-8CBA4941A857}.Release|x86.Build.0 = Release|Any CPU
		{A3894B12-785E-4E6D-93E8-9E06A768BB67}.Debug|Any CPU.ActiveCfg = Debug|Any CPU
		{A3894B12-785E-4E6D-93E8-9E06A768BB67}.Debug|Any CPU.Build.0 = Debug|Any CPU
		{A3894B12-785E-4E6D-93E8-9E06A768BB67}.Debug|x64.ActiveCfg = Debug|Any CPU
		{A3894B12-785E-4E6D-93E8-9E06A768BB67}.Debug|x64.Build.0 = Debug|Any CPU
		{A3894B12-785E-4E6D-93E8-9E06A768BB67}.Debug|x86.ActiveCfg = Debug|Any CPU
		{A3894B12-785E-4E6D-93E8-9E06A768BB67}.Debug|x86.Build.0 = Debug|Any CPU
		{A3894B12-785E-4E6D-93E8-9E06A768BB67}.Release|Any CPU.ActiveCfg = Release|Any CPU
		{A3894B12-785E-4E6D-93E8-9E06A768BB67}.Release|Any CPU.Build.0 = Release|Any CPU
		{A3894B12-785E-4E6D-93E8-9E06A768BB67}.Release|x64.ActiveCfg = Release|Any CPU
		{A3894B12-785E-4E6D-93E8-9E06A768BB67}.Release|x64.Build.0 = Release|Any CPU
		{A3894B12-785E-4E6D-93E8-9E06A768BB67}.Release|x86.ActiveCfg = Release|Any CPU
		{A3894B12-785E-4E6D-93E8-9E06A768BB67}.Release|x86.Build.0 = Release|Any CPU
		{2B2D6A01-6F0B-4040-9788-27D0B0A298A3}.Debug|Any CPU.ActiveCfg = Debug|Any CPU
		{2B2D6A01-6F0B-4040-9788-27D0B0A298A3}.Debug|Any CPU.Build.0 = Debug|Any CPU
		{2B2D6A01-6F0B-4040-9788-27D0B0A298A3}.Debug|x64.ActiveCfg = Debug|Any CPU
		{2B2D6A01-6F0B-4040-9788-27D0B0A298A3}.Debug|x64.Build.0 = Debug|Any CPU
		{2B2D6A01-6F0B-4040-9788-27D0B0A298A3}.Debug|x86.ActiveCfg = Debug|Any CPU
		{2B2D6A01-6F0B-4040-9788-27D0B0A298A3}.Debug|x86.Build.0 = Debug|Any CPU
		{2B2D6A01-6F0B-4040-9788-27D0B0A298A3}.Release|Any CPU.ActiveCfg = Release|Any CPU
		{2B2D6A01-6F0B-4040-9788-27D0B0A298A3}.Release|Any CPU.Build.0 = Release|Any CPU
		{2B2D6A01-6F0B-4040-9788-27D0B0A298A3}.Release|x64.ActiveCfg = Release|Any CPU
		{2B2D6A01-6F0B-4040-9788-27D0B0A298A3}.Release|x64.Build.0 = Release|Any CPU
		{2B2D6A01-6F0B-4040-9788-27D0B0A298A3}.Release|x86.ActiveCfg = Release|Any CPU
		{2B2D6A01-6F0B-4040-9788-27D0B0A298A3}.Release|x86.Build.0 = Release|Any CPU
		{5DC0944C-7510-4ABC-8476-7680D7757D99}.Debug|Any CPU.ActiveCfg = Debug|Any CPU
		{5DC0944C-7510-4ABC-8476-7680D7757D99}.Debug|Any CPU.Build.0 = Debug|Any CPU
		{5DC0944C-7510-4ABC-8476-7680D7757D99}.Debug|x64.ActiveCfg = Debug|Any CPU
		{5DC0944C-7510-4ABC-8476-7680D7757D99}.Debug|x64.Build.0 = Debug|Any CPU
		{5DC0944C-7510-4ABC-8476-7680D7757D99}.Debug|x86.ActiveCfg = Debug|Any CPU
		{5DC0944C-7510-4ABC-8476-7680D7757D99}.Debug|x86.Build.0 = Debug|Any CPU
		{5DC0944C-7510-4ABC-8476-7680D7757D99}.Release|Any CPU.ActiveCfg = Release|Any CPU
		{5DC0944C-7510-4ABC-8476-7680D7757D99}.Release|Any CPU.Build.0 = Release|Any CPU
		{5DC0944C-7510-4ABC-8476-7680D7757D99}.Release|x64.ActiveCfg = Release|Any CPU
		{5DC0944C-7510-4ABC-8476-7680D7757D99}.Release|x64.Build.0 = Release|Any CPU
		{5DC0944C-7510-4ABC-8476-7680D7757D99}.Release|x86.ActiveCfg = Release|Any CPU
		{5DC0944C-7510-4ABC-8476-7680D7757D99}.Release|x86.Build.0 = Release|Any CPU
	EndGlobalSection
	GlobalSection(SolutionProperties) = preSolution
		HideSolutionNode = FALSE
	EndGlobalSection
	GlobalSection(NestedProjects) = preSolution
		{DBDAD916-0EC5-4CC6-BEA8-B8571F3B5B4B} = {827E0CD3-B72D-47B6-A68D-7590B98EB39B}
		{3AB2D385-E17A-4967-B937-8CBA4941A857} = {827E0CD3-B72D-47B6-A68D-7590B98EB39B}
		{A3894B12-785E-4E6D-93E8-9E06A768BB67} = {827E0CD3-B72D-47B6-A68D-7590B98EB39B}
		{2B2D6A01-6F0B-4040-9788-27D0B0A298A3} = {827E0CD3-B72D-47B6-A68D-7590B98EB39B}
		{5DC0944C-7510-4ABC-8476-7680D7757D99} = {827E0CD3-B72D-47B6-A68D-7590B98EB39B}
	EndGlobalSection
EndGlobal
